
Microsoft Visual Studio Solution File, Format Version 12.00
# Visual Studio Version 17
VisualStudioVersion = 17.0.32112.339
MinimumVisualStudioVersion = 10.0.40219.1
Project("{9A19103F-16F7-4668-BE54-9A1E7A4F7556}") = "BabyMemory", "BabyMemory\BabyMemory.csproj", "{A150ECAC-0CE3-4725-9E63-15F62DA0BEFC}"
	ProjectSection(ProjectDependencies) = postProject
		{3811A611-4A3A-4096-85D9-F021CF1CC4A0} = {3811A611-4A3A-4096-85D9-F021CF1CC4A0}
	EndProjectSection
EndProject
Project("{FAE04EC0-301F-11D3-BF4B-00C04F79EFBC}") = "BabyMemory.Core", "BabyMemory.Core\BabyMemory.Core.csproj", "{3811A611-4A3A-4096-85D9-F021CF1CC4A0}"
	ProjectSection(ProjectDependencies) = postProject
		{EB758939-ED8A-44F8-BA88-8888DB01F6F5} = {EB758939-ED8A-44F8-BA88-8888DB01F6F5}
	EndProjectSection
EndProject
Project("{FAE04EC0-301F-11D3-BF4B-00C04F79EFBC}") = "BabyMemory.Infrastructure", "BabyMemory.Infrastructure\BabyMemory.Infrastructure.csproj", "{EB758939-ED8A-44F8-BA88-8888DB01F6F5}"
EndProject
Global
	GlobalSection(SolutionConfigurationPlatforms) = preSolution
		Debug|Any CPU = Debug|Any CPU
		Release|Any CPU = Release|Any CPU
	EndGlobalSection
	GlobalSection(ProjectConfigurationPlatforms) = postSolution
		{A150ECAC-0CE3-4725-9E63-15F62DA0BEFC}.Debug|Any CPU.ActiveCfg = Debug|Any CPU
		{A150ECAC-0CE3-4725-9E63-15F62DA0BEFC}.Debug|Any CPU.Build.0 = Debug|Any CPU
		{A150ECAC-0CE3-4725-9E63-15F62DA0BEFC}.Release|Any CPU.ActiveCfg = Release|Any CPU
		{A150ECAC-0CE3-4725-9E63-15F62DA0BEFC}.Release|Any CPU.Build.0 = Release|Any CPU
		{3811A611-4A3A-4096-85D9-F021CF1CC4A0}.Debug|Any CPU.ActiveCfg = Debug|Any CPU
		{3811A611-4A3A-4096-85D9-F021CF1CC4A0}.Debug|Any CPU.Build.0 = Debug|Any CPU
		{3811A611-4A3A-4096-85D9-F021CF1CC4A0}.Release|Any CPU.ActiveCfg = Release|Any CPU
		{3811A611-4A3A-4096-85D9-F021CF1CC4A0}.Release|Any CPU.Build.0 = Release|Any CPU
		{EB758939-ED8A-44F8-BA88-8888DB01F6F5}.Debug|Any CPU.ActiveCfg = Debug|Any CPU
		{EB758939-ED8A-44F8-BA88-8888DB01F6F5}.Debug|Any CPU.Build.0 = Debug|Any CPU
		{EB758939-ED8A-44F8-BA88-8888DB01F6F5}.Release|Any CPU.ActiveCfg = Release|Any CPU
		{EB758939-ED8A-44F8-BA88-8888DB01F6F5}.Release|Any CPU.Build.0 = Release|Any CPU
	EndGlobalSection
	GlobalSection(SolutionProperties) = preSolution
		HideSolutionNode = FALSE
	EndGlobalSection
	GlobalSection(ExtensibilityGlobals) = postSolution
		SolutionGuid = {5BCC2A94-A2E9-472F-A8AC-3DA11F09F14D}
	EndGlobalSection
EndGlobal
